
Microsoft Visual Studio Solution File, Format Version 12.00
Project("{FAE04EC0-301F-11D3-BF4B-00C04F79EFBC}") = "BackOffice", "BackOffice\BackOffice.csproj", "{D8380E70-7D0B-4C48-A1E1-993C494D22EA}"
EndProject
Global
	GlobalSection(SolutionConfigurationPlatforms) = preSolution
		Debug|Any CPU = Debug|Any CPU
		Release|Any CPU = Release|Any CPU
	EndGlobalSection
	GlobalSection(ProjectConfigurationPlatforms) = postSolution
		{D8380E70-7D0B-4C48-A1E1-993C494D22EA}.Debug|Any CPU.ActiveCfg = Debug|Any CPU
		{D8380E70-7D0B-4C48-A1E1-993C494D22EA}.Debug|Any CPU.Build.0 = Debug|Any CPU
		{D8380E70-7D0B-4C48-A1E1-993C494D22EA}.Release|Any CPU.ActiveCfg = Release|Any CPU
		{D8380E70-7D0B-4C48-A1E1-993C494D22EA}.Release|Any CPU.Build.0 = Release|Any CPU
	EndGlobalSection
EndGlobal
